
Microsoft Visual Studio Solution File, Format Version 12.00
# Visual Studio Version 16
VisualStudioVersion = 16.0.32002.261
MinimumVisualStudioVersion = 10.0.40219.1
Project("{FAE04EC0-301F-11D3-BF4B-00C04F79EFBC}") = "Demant_Assignment.Application", "Demant_Assignment.Application.csproj", "{CDA0E856-2EA2-41FC-B926-2D5451759D6D}"
EndProject
Global
	GlobalSection(SolutionConfigurationPlatforms) = preSolution
		Debug|Any CPU = Debug|Any CPU
		Release|Any CPU = Release|Any CPU
	EndGlobalSection
	GlobalSection(ProjectConfigurationPlatforms) = postSolution
		{CDA0E856-2EA2-41FC-B926-2D5451759D6D}.Debug|Any CPU.ActiveCfg = Debug|Any CPU
		{CDA0E856-2EA2-41FC-B926-2D5451759D6D}.Debug|Any CPU.Build.0 = Debug|Any CPU
		{CDA0E856-2EA2-41FC-B926-2D5451759D6D}.Release|Any CPU.ActiveCfg = Release|Any CPU
		{CDA0E856-2EA2-41FC-B926-2D5451759D6D}.Release|Any CPU.Build.0 = Release|Any CPU
	EndGlobalSection
	GlobalSection(SolutionProperties) = preSolution
		HideSolutionNode = FALSE
	EndGlobalSection
	GlobalSection(ExtensibilityGlobals) = postSolution
		SolutionGuid = {9157BFB2-D37A-4F12-B4E8-0AA09E62E599}
	EndGlobalSection
EndGlobal
